
Microsoft Visual Studio Solution File, Format Version 12.00
# Visual Studio Version 17
VisualStudioVersion = 17.10.34607.79
MinimumVisualStudioVersion = 10.0.40219.1
Project("{9A19103F-16F7-4668-BE54-9A1E7A4F7556}") = "DataBase1WPF", "DataBase1WPF\DataBase1WPF.csproj", "{5FF8F975-ACF9-49BE-B39D-4B83D8A73958}"
EndProject
Global
	GlobalSection(SolutionConfigurationPlatforms) = preSolution
		Debug|Any CPU = Debug|Any CPU
		Release|Any CPU = Release|Any CPU
	EndGlobalSection
	GlobalSection(ProjectConfigurationPlatforms) = postSolution
		{5FF8F975-ACF9-49BE-B39D-4B83D8A73958}.Debug|Any CPU.ActiveCfg = Debug|Any CPU
		{5FF8F975-ACF9-49BE-B39D-4B83D8A73958}.Debug|Any CPU.Build.0 = Debug|Any CPU
		{5FF8F975-ACF9-49BE-B39D-4B83D8A73958}.Release|Any CPU.ActiveCfg = Release|Any CPU
		{5FF8F975-ACF9-49BE-B39D-4B83D8A73958}.Release|Any CPU.Build.0 = Release|Any CPU
	EndGlobalSection
	GlobalSection(SolutionProperties) = preSolution
		HideSolutionNode = FALSE
	EndGlobalSection
	GlobalSection(ExtensibilityGlobals) = postSolution
		SolutionGuid = {3B5F1FB6-1AA6-408F-958F-2C7AC27A8626}
	EndGlobalSection
EndGlobal
